{
  "name": "ajax-typescript",
  "version": "1.0.0",
  "lockfileVersion": 2,
  "requires": true,
  "packages": {
    "": {
      "version": "1.0.0",
      "license": "MIT",
      "dependencies": {
        "bootstrap": "^5.1.3",
        "commonjs": "^0.0.1",
        "sweetalert2": "^11.1.8"
      }
    },
    "node_modules/@popperjs/core": {
      "version": "2.10.2",
      "resolved": "https://registry.npmjs.org/@popperjs/core/-/core-2.10.2.tgz",
      "integrity": "sha512-IXf3XA7+XyN7CP9gGh/XB0UxVMlvARGEgGXLubFICsUMGz6Q+DU+i4gGlpOxTjKvXjkJDJC8YdqdKkDj9qZHEQ==",
      "peer": true,
      "funding": {
        "type": "opencollective",
        "url": "https://opencollective.com/popperjs"
      }
    },
    "node_modules/ansi-font": {
      "version": "0.0.2",
      "resolved": "https://registry.npmjs.org/ansi-font/-/ansi-font-0.0.2.tgz",
      "integrity": "sha1-iQMBvVhBRi/TnAt3Ca/R9SUUMzE=",
      "engines": {
        "node": ">=0.4.x"
      }
    },
    "node_modules/bootstrap": {
      "version": "5.1.3",
      "resolved": "https://registry.npmjs.org/bootstrap/-/bootstrap-5.1.3.tgz",
      "integrity": "sha512-fcQztozJ8jToQWXxVuEyXWW+dSo8AiXWKwiSSrKWsRB/Qt+Ewwza+JWoLKiTuQLaEPhdNAJ7+Dosc9DOIqNy7Q==",
      "funding": {
        "type": "opencollective",
        "url": "https://opencollective.com/bootstrap"
      },
      "peerDependencies": {
        "@popperjs/core": "^2.10.2"
      }
    },
    "node_modules/commonjs": {
      "version": "0.0.1",
      "resolved": "https://registry.npmjs.org/commonjs/-/commonjs-0.0.1.tgz",
      "integrity": "sha1-ZcUx3P9lZcp8ld38lmIricwClNU=",
      "dependencies": {
        "system": ">=0.0.1",
        "test": ">=0.0.5"
      },
      "engines": {
        "node": ">=0.1.103"
      }
    },
    "node_modules/sweetalert2": {
      "version": "11.1.9",
      "resolved": "https://registry.npmjs.org/sweetalert2/-/sweetalert2-11.1.9.tgz",
      "integrity": "sha512-ox+BjtAbO8mJrbQH9TsNwMwLeTfV+ve33CVz/kKn5D/DhRiSqnw2rWL4HuBlh9Z4yqYlTD5viR5Z2K5D3avM7Q==",
      "funding": {
        "url": "https://sweetalert2.github.io/#donations"
      }
    },
    "node_modules/system": {
      "version": "2.0.1",
      "resolved": "https://registry.npmjs.org/system/-/system-2.0.1.tgz",
      "integrity": "sha512-BwSUSa8LMHZouGadZ34ck3TsrH5s3oMmTKPK+xHdbBnTCZOZMJ38fHGKLAHkBl0PXru1Z4BsymQU4qqvTxWzdQ==",
      "bin": {
        "jscat": "bundle.js"
      }
    },
    "node_modules/test": {
      "version": "0.6.0",
      "resolved": "https://registry.npmjs.org/test/-/test-0.6.0.tgz",
      "integrity": "sha1-WYasRF7Bd1QyJRLRBLoyyKY+k44=",
      "dependencies": {
        "ansi-font": "0.0.2"
      }
    }
  },
  "dependencies": {
    "@popperjs/core": {
      "version": "2.10.2",
      "resolved": "https://registry.npmjs.org/@popperjs/core/-/core-2.10.2.tgz",
      "integrity": "sha512-IXf3XA7+XyN7CP9gGh/XB0UxVMlvARGEgGXLubFICsUMGz6Q+DU+i4gGlpOxTjKvXjkJDJC8YdqdKkDj9qZHEQ==",
      "peer": true
    },
    "ansi-font": {
      "version": "0.0.2",
      "resolved": "https://registry.npmjs.org/ansi-font/-/ansi-font-0.0.2.tgz",
      "integrity": "sha1-iQMBvVhBRi/TnAt3Ca/R9SUUMzE="
    },
    "bootstrap": {
      "version": "5.1.3",
      "resolved": "https://registry.npmjs.org/bootstrap/-/bootstrap-5.1.3.tgz",
      "integrity": "sha512-fcQztozJ8jToQWXxVuEyXWW+dSo8AiXWKwiSSrKWsRB/Qt+Ewwza+JWoLKiTuQLaEPhdNAJ7+Dosc9DOIqNy7Q==",
      "requires": {}
    },
    "commonjs": {
      "version": "0.0.1",
      "resolved": "https://registry.npmjs.org/commonjs/-/commonjs-0.0.1.tgz",
      "integrity": "sha1-ZcUx3P9lZcp8ld38lmIricwClNU=",
      "requires": {
        "system": ">=0.0.1",
        "test": ">=0.0.5"
      }
    },
    "sweetalert2": {
      "version": "11.1.9",
      "resolved": "https://registry.npmjs.org/sweetalert2/-/sweetalert2-11.1.9.tgz",
      "integrity": "sha512-ox+BjtAbO8mJrbQH9TsNwMwLeTfV+ve33CVz/kKn5D/DhRiSqnw2rWL4HuBlh9Z4yqYlTD5viR5Z2K5D3avM7Q=="
    },
    "system": {
      "version": "2.0.1",
      "resolved": "https://registry.npmjs.org/system/-/system-2.0.1.tgz",
      "integrity": "sha512-BwSUSa8LMHZouGadZ34ck3TsrH5s3oMmTKPK+xHdbBnTCZOZMJ38fHGKLAHkBl0PXru1Z4BsymQU4qqvTxWzdQ=="
    },
    "test": {
      "version": "0.6.0",
      "resolved": "https://registry.npmjs.org/test/-/test-0.6.0.tgz",
      "integrity": "sha1-WYasRF7Bd1QyJRLRBLoyyKY+k44=",
      "requires": {
        "ansi-font": "0.0.2"
      }
    }
  }
}
