# THIS IS AN AUTOGENERATED FILE. DO NOT EDIT THIS FILE DIRECTLY.
# yarn lockfile v1


ansi-font@0.0.2:
  version "0.0.2"
  resolved "https://registry.yarnpkg.com/ansi-font/-/ansi-font-0.0.2.tgz#890301bd5841462fd39c0b7709afd1f525143331"
  integrity sha1-iQMBvVhBRi/TnAt3Ca/R9SUUMzE=

bootstrap@^5.1.3:
  version "5.1.3"
  resolved "https://registry.yarnpkg.com/bootstrap/-/bootstrap-5.1.3.tgz#ba081b0c130f810fa70900acbc1c6d3c28fa8f34"
  integrity sha512-fcQztozJ8jToQWXxVuEyXWW+dSo8AiXWKwiSSrKWsRB/Qt+Ewwza+JWoLKiTuQLaEPhdNAJ7+Dosc9DOIqNy7Q==

commonjs@^0.0.1:
  version "0.0.1"
  resolved "https://registry.yarnpkg.com/commonjs/-/commonjs-0.0.1.tgz#65c531dcff6565ca7c95ddfc96622b89cc0294d5"
  integrity sha1-ZcUx3P9lZcp8ld38lmIricwClNU=
  dependencies:
    system ">=0.0.1"
    test ">=0.0.5"

sweetalert2@^11.1.8:
  version "11.1.8"
  resolved "https://registry.yarnpkg.com/sweetalert2/-/sweetalert2-11.1.8.tgz#38821e6ca759d76aca3a168f7c53bd4d780b5dc5"
  integrity sha512-OH2fnmx2K9AhT9F3Tkt2KKKO8/4bt7roDJ6F95dG/whZJtRiqPgk1B0rUPiztKZSPzqthzVtVJnueJdsL2f8TA==

system@>=0.0.1:
  version "2.0.1"
  resolved "https://registry.yarnpkg.com/system/-/system-2.0.1.tgz#d26a85135ee7f36e054e7f0eec4467f3b1dd9742"
  integrity sha512-BwSUSa8LMHZouGadZ34ck3TsrH5s3oMmTKPK+xHdbBnTCZOZMJ38fHGKLAHkBl0PXru1Z4BsymQU4qqvTxWzdQ==

test@>=0.0.5:
  version "0.6.0"
  resolved "https://registry.yarnpkg.com/test/-/test-0.6.0.tgz#5986ac445ec17754322512d104ba32c8a63e938e"
  integrity sha1-WYasRF7Bd1QyJRLRBLoyyKY+k44=
  dependencies:
    ansi-font "0.0.2"
